// !$*UTF8*$!
{
	archiveVersion = 1;
	classes = {
	};
	objectVersion = 46;
	objects = {

/* Begin PBXBuildFile section */
		5B285A3619F4673800ECE1A5 /* AppDelegate.swift in Sources */ = {isa = PBXBuildFile; fileRef = 5B285A3519F4673800ECE1A5 /* AppDelegate.swift */; };
		5B285A3B19F4673800ECE1A5 /* Main.storyboard in Resources */ = {isa = PBXBuildFile; fileRef = 5B285A3919F4673800ECE1A5 /* Main.storyboard */; };
		5B285A3D19F4673800ECE1A5 /* Images.xcassets in Resources */ = {isa = PBXBuildFile; fileRef = 5B285A3C19F4673800ECE1A5 /* Images.xcassets */; };
		5B285A4C19F4673800ECE1A5 /* TapB4UNapTests.swift in Sources */ = {isa = PBXBuildFile; fileRef = 5B285A4B19F4673800ECE1A5 /* TapB4UNapTests.swift */; };
		5B285A5E19F5BA4D00ECE1A5 /* HealthStore.swift in Sources */ = {isa = PBXBuildFile; fileRef = 5B285A5D19F5BA4D00ECE1A5 /* HealthStore.swift */; };
		5B285A6019F6825F00ECE1A5 /* TimeKeeper.swift in Sources */ = {isa = PBXBuildFile; fileRef = 5B285A5F19F6825F00ECE1A5 /* TimeKeeper.swift */; };
		5B285A6819F9A69A00ECE1A5 /* NotificationCenter.framework in Frameworks */ = {isa = PBXBuildFile; fileRef = 5B285A6719F9A69A00ECE1A5 /* NotificationCenter.framework */; };
		5B285A6D19F9A69A00ECE1A5 /* TodayViewController.swift in Sources */ = {isa = PBXBuildFile; fileRef = 5B285A6C19F9A69A00ECE1A5 /* TodayViewController.swift */; };
		5B285A6F19F9A69A00ECE1A5 /* MainInterface.storyboard in Resources */ = {isa = PBXBuildFile; fileRef = 5B285A6E19F9A69A00ECE1A5 /* MainInterface.storyboard */; };
		5B285A7219F9A69A00ECE1A5 /* TapB4UNapWidget.appex in Embed App Extensions */ = {isa = PBXBuildFile; fileRef = 5B285A6519F9A69A00ECE1A5 /* TapB4UNapWidget.appex */; settings = {ATTRIBUTES = (RemoveHeadersOnCopy, ); }; };
		5B285A7719FA2FF800ECE1A5 /* TimeKeeper.swift in Sources */ = {isa = PBXBuildFile; fileRef = 5B285A5F19F6825F00ECE1A5 /* TimeKeeper.swift */; };
		5BD07E2E1A052E64000A6E9E /* hov6CQ-large.jpg in Resources */ = {isa = PBXBuildFile; fileRef = 5BD07E2D1A052E64000A6E9E /* hov6CQ-large.jpg */; };
		5BD07E301A05368D000A6E9E /* LaunchScreen.xib in Resources */ = {isa = PBXBuildFile; fileRef = 5BD07E2F1A05368D000A6E9E /* LaunchScreen.xib */; };
		5BD07E341A053BA8000A6E9E /* hov6CQ-small.jpg in Resources */ = {isa = PBXBuildFile; fileRef = 5BD07E331A053BA8000A6E9E /* hov6CQ-small.jpg */; };
		5BDB91B319FF6F37009CBA13 /* SaveDataController.swift in Sources */ = {isa = PBXBuildFile; fileRef = 5BDB91B219FF6F37009CBA13 /* SaveDataController.swift */; };
/* End PBXBuildFile section */

/* Begin PBXContainerItemProxy section */
		5B285A4619F4673800ECE1A5 /* PBXContainerItemProxy */ = {
			isa = PBXContainerItemProxy;
			containerPortal = 5B285A2819F4673800ECE1A5 /* Project object */;
			proxyType = 1;
			remoteGlobalIDString = 5B285A2F19F4673800ECE1A5;
			remoteInfo = TapB4UNap;
		};
		5B285A7019F9A69A00ECE1A5 /* PBXContainerItemProxy */ = {
			isa = PBXContainerItemProxy;
			containerPortal = 5B285A2819F4673800ECE1A5 /* Project object */;
			proxyType = 1;
			remoteGlobalIDString = 5B285A6419F9A69A00ECE1A5;
			remoteInfo = TapB4UNapWidget;
		};
/* End PBXContainerItemProxy section */

/* Begin PBXCopyFilesBuildPhase section */
		5B285A7619F9A69A00ECE1A5 /* Embed App Extensions */ = {
			isa = PBXCopyFilesBuildPhase;
			buildActionMask = 2147483647;
			dstPath = "";
			dstSubfolderSpec = 13;
			files = (
				5B285A7219F9A69A00ECE1A5 /* TapB4UNapWidget.appex in Embed App Extensions */,
			);
			name = "Embed App Extensions";
			runOnlyForDeploymentPostprocessing = 0;
		};
/* End PBXCopyFilesBuildPhase section */

/* Begin PBXFileReference section */
		5B285A3019F4673800ECE1A5 /* TapB4UNap.app */ = {isa = PBXFileReference; explicitFileType = wrapper.application; includeInIndex = 0; path = TapB4UNap.app; sourceTree = BUILT_PRODUCTS_DIR; };
		5B285A3419F4673800ECE1A5 /* Info.plist */ = {isa = PBXFileReference; lastKnownFileType = text.plist.xml; path = Info.plist; sourceTree = "<group>"; };
		5B285A3519F4673800ECE1A5 /* AppDelegate.swift */ = {isa = PBXFileReference; lastKnownFileType = sourcecode.swift; path = AppDelegate.swift; sourceTree = "<group>"; };
		5B285A3A19F4673800ECE1A5 /* Base */ = {isa = PBXFileReference; lastKnownFileType = file.storyboard; name = Base; path = Base.lproj/Main.storyboard; sourceTree = "<group>"; };
		5B285A3C19F4673800ECE1A5 /* Images.xcassets */ = {isa = PBXFileReference; lastKnownFileType = folder.assetcatalog; path = Images.xcassets; sourceTree = "<group>"; };
		5B285A4519F4673800ECE1A5 /* TapB4UNapTests.xctest */ = {isa = PBXFileReference; explicitFileType = wrapper.cfbundle; includeInIndex = 0; path = TapB4UNapTests.xctest; sourceTree = BUILT_PRODUCTS_DIR; };
		5B285A4A19F4673800ECE1A5 /* Info.plist */ = {isa = PBXFileReference; lastKnownFileType = text.plist.xml; path = Info.plist; sourceTree = "<group>"; };
		5B285A4B19F4673800ECE1A5 /* TapB4UNapTests.swift */ = {isa = PBXFileReference; lastKnownFileType = sourcecode.swift; path = TapB4UNapTests.swift; sourceTree = "<group>"; };
		5B285A5A19F46F5300ECE1A5 /* TapB4UNap.entitlements */ = {isa = PBXFileReference; lastKnownFileType = text.xml; path = TapB4UNap.entitlements; sourceTree = "<group>"; };
		5B285A5D19F5BA4D00ECE1A5 /* HealthStore.swift */ = {isa = PBXFileReference; fileEncoding = 4; lastKnownFileType = sourcecode.swift; name = HealthStore.swift; path = Classes/HealthStore.swift; sourceTree = "<group>"; };
		5B285A5F19F6825F00ECE1A5 /* TimeKeeper.swift */ = {isa = PBXFileReference; fileEncoding = 4; lastKnownFileType = sourcecode.swift; path = TimeKeeper.swift; sourceTree = "<group>"; };
		5B285A6519F9A69A00ECE1A5 /* TapB4UNapWidget.appex */ = {isa = PBXFileReference; explicitFileType = "wrapper.app-extension"; includeInIndex = 0; path = TapB4UNapWidget.appex; sourceTree = BUILT_PRODUCTS_DIR; };
		5B285A6719F9A69A00ECE1A5 /* NotificationCenter.framework */ = {isa = PBXFileReference; lastKnownFileType = wrapper.framework; name = NotificationCenter.framework; path = System/Library/Frameworks/NotificationCenter.framework; sourceTree = SDKROOT; };
		5B285A6B19F9A69A00ECE1A5 /* Info.plist */ = {isa = PBXFileReference; lastKnownFileType = text.plist.xml; path = Info.plist; sourceTree = "<group>"; };
		5B285A6C19F9A69A00ECE1A5 /* TodayViewController.swift */ = {isa = PBXFileReference; lastKnownFileType = sourcecode.swift; path = TodayViewController.swift; sourceTree = "<group>"; };
		5B285A6E19F9A69A00ECE1A5 /* MainInterface.storyboard */ = {isa = PBXFileReference; lastKnownFileType = file.storyboard; path = MainInterface.storyboard; sourceTree = "<group>"; };
		5B285A7919FA6EF600ECE1A5 /* TapB4UNapWidget.entitlements */ = {isa = PBXFileReference; lastKnownFileType = text.xml; path = TapB4UNapWidget.entitlements; sourceTree = "<group>"; };
		5BD07E2D1A052E64000A6E9E /* hov6CQ-large.jpg */ = {isa = PBXFileReference; lastKnownFileType = image.jpeg; path = "hov6CQ-large.jpg"; sourceTree = "<group>"; };
		5BD07E2F1A05368D000A6E9E /* LaunchScreen.xib */ = {isa = PBXFileReference; fileEncoding = 4; lastKnownFileType = file.xib; path = LaunchScreen.xib; sourceTree = "<group>"; };
		5BD07E331A053BA8000A6E9E /* hov6CQ-small.jpg */ = {isa = PBXFileReference; lastKnownFileType = image.jpeg; path = "hov6CQ-small.jpg"; sourceTree = "<group>"; };
		5BDB91B219FF6F37009CBA13 /* SaveDataController.swift */ = {isa = PBXFileReference; fileEncoding = 4; lastKnownFileType = sourcecode.swift; name = SaveDataController.swift; path = Classes/SaveDataController.swift; sourceTree = "<group>"; };
/* End PBXFileReference section */

/* Begin PBXFrameworksBuildPhase section */
		5B285A2D19F4673800ECE1A5 /* Frameworks */ = {
			isa = PBXFrameworksBuildPhase;
			buildActionMask = 2147483647;
			files = (
			);
			runOnlyForDeploymentPostprocessing = 0;
		};
		5B285A4219F4673800ECE1A5 /* Frameworks */ = {
			isa = PBXFrameworksBuildPhase;
			buildActionMask = 2147483647;
			files = (
			);
			runOnlyForDeploymentPostprocessing = 0;
		};
		5B285A6219F9A69A00ECE1A5 /* Frameworks */ = {
			isa = PBXFrameworksBuildPhase;
			buildActionMask = 2147483647;
			files = (
				5B285A6819F9A69A00ECE1A5 /* NotificationCenter.framework in Frameworks */,
			);
			runOnlyForDeploymentPostprocessing = 0;
		};
/* End PBXFrameworksBuildPhase section */

/* Begin PBXGroup section */
		5B285A2719F4673800ECE1A5 = {
			isa = PBXGroup;
			children = (
				5B285A3219F4673800ECE1A5 /* TapB4UNap */,
				5B285A4819F4673800ECE1A5 /* TapB4UNapTests */,
				5B285A6919F9A69A00ECE1A5 /* TapB4UNapWidget */,
				5B285A6619F9A69A00ECE1A5 /* Frameworks */,
				5B285A3119F4673800ECE1A5 /* Products */,
			);
			sourceTree = "<group>";
		};
		5B285A3119F4673800ECE1A5 /* Products */ = {
			isa = PBXGroup;
			children = (
				5B285A3019F4673800ECE1A5 /* TapB4UNap.app */,
				5B285A4519F4673800ECE1A5 /* TapB4UNapTests.xctest */,
				5B285A6519F9A69A00ECE1A5 /* TapB4UNapWidget.appex */,
			);
			name = Products;
			sourceTree = "<group>";
		};
		5B285A3219F4673800ECE1A5 /* TapB4UNap */ = {
			isa = PBXGroup;
			children = (
				5BD07E2D1A052E64000A6E9E /* hov6CQ-large.jpg */,
				5B285A5A19F46F5300ECE1A5 /* TapB4UNap.entitlements */,
				5B285A3519F4673800ECE1A5 /* AppDelegate.swift */,
				5B285A3919F4673800ECE1A5 /* Main.storyboard */,
				5B285A3C19F4673800ECE1A5 /* Images.xcassets */,
				5B285A3319F4673800ECE1A5 /* Supporting Files */,
				5B285A5D19F5BA4D00ECE1A5 /* HealthStore.swift */,
				5B285A5F19F6825F00ECE1A5 /* TimeKeeper.swift */,
				5BDB91B219FF6F37009CBA13 /* SaveDataController.swift */,
				5BD07E2F1A05368D000A6E9E /* LaunchScreen.xib */,
			);
			path = TapB4UNap;
			sourceTree = "<group>";
		};
		5B285A3319F4673800ECE1A5 /* Supporting Files */ = {
			isa = PBXGroup;
			children = (
				5B285A3419F4673800ECE1A5 /* Info.plist */,
			);
			name = "Supporting Files";
			sourceTree = "<group>";
		};
		5B285A4819F4673800ECE1A5 /* TapB4UNapTests */ = {
			isa = PBXGroup;
			children = (
				5B285A4B19F4673800ECE1A5 /* TapB4UNapTests.swift */,
				5B285A4919F4673800ECE1A5 /* Supporting Files */,
			);
			path = TapB4UNapTests;
			sourceTree = "<group>";
		};
		5B285A4919F4673800ECE1A5 /* Supporting Files */ = {
			isa = PBXGroup;
			children = (
				5B285A4A19F4673800ECE1A5 /* Info.plist */,
			);
			name = "Supporting Files";
			sourceTree = "<group>";
		};
		5B285A6619F9A69A00ECE1A5 /* Frameworks */ = {
			isa = PBXGroup;
			children = (
				5B285A6719F9A69A00ECE1A5 /* NotificationCenter.framework */,
			);
			name = Frameworks;
			sourceTree = "<group>";
		};
		5B285A6919F9A69A00ECE1A5 /* TapB4UNapWidget */ = {
			isa = PBXGroup;
			children = (
				5BD07E331A053BA8000A6E9E /* hov6CQ-small.jpg */,
				5B285A7919FA6EF600ECE1A5 /* TapB4UNapWidget.entitlements */,
				5B285A6C19F9A69A00ECE1A5 /* TodayViewController.swift */,
				5B285A6E19F9A69A00ECE1A5 /* MainInterface.storyboard */,
				5B285A6A19F9A69A00ECE1A5 /* Supporting Files */,
			);
			path = TapB4UNapWidget;
			sourceTree = "<group>";
		};
		5B285A6A19F9A69A00ECE1A5 /* Supporting Files */ = {
			isa = PBXGroup;
			children = (
				5B285A6B19F9A69A00ECE1A5 /* Info.plist */,
			);
			name = "Supporting Files";
			sourceTree = "<group>";
		};
/* End PBXGroup section */

/* Begin PBXNativeTarget section */
		5B285A2F19F4673800ECE1A5 /* TapB4UNap */ = {
			isa = PBXNativeTarget;
			buildConfigurationList = 5B285A4F19F4673800ECE1A5 /* Build configuration list for PBXNativeTarget "TapB4UNap" */;
			buildPhases = (
				5B285A2C19F4673800ECE1A5 /* Sources */,
				5B285A2D19F4673800ECE1A5 /* Frameworks */,
				5B285A2E19F4673800ECE1A5 /* Resources */,
				5B285A7619F9A69A00ECE1A5 /* Embed App Extensions */,
			);
			buildRules = (
			);
			dependencies = (
				5B285A7119F9A69A00ECE1A5 /* PBXTargetDependency */,
			);
			name = TapB4UNap;
			productName = TapB4UNap;
			productReference = 5B285A3019F4673800ECE1A5 /* TapB4UNap.app */;
			productType = "com.apple.product-type.application";
		};
		5B285A4419F4673800ECE1A5 /* TapB4UNapTests */ = {
			isa = PBXNativeTarget;
			buildConfigurationList = 5B285A5219F4673800ECE1A5 /* Build configuration list for PBXNativeTarget "TapB4UNapTests" */;
			buildPhases = (
				5B285A4119F4673800ECE1A5 /* Sources */,
				5B285A4219F4673800ECE1A5 /* Frameworks */,
				5B285A4319F4673800ECE1A5 /* Resources */,
			);
			buildRules = (
			);
			dependencies = (
				5B285A4719F4673800ECE1A5 /* PBXTargetDependency */,
			);
			name = TapB4UNapTests;
			productName = TapB4UNapTests;
			productReference = 5B285A4519F4673800ECE1A5 /* TapB4UNapTests.xctest */;
			productType = "com.apple.product-type.bundle.unit-test";
		};
		5B285A6419F9A69A00ECE1A5 /* TapB4UNapWidget */ = {
			isa = PBXNativeTarget;
			buildConfigurationList = 5B285A7319F9A69A00ECE1A5 /* Build configuration list for PBXNativeTarget "TapB4UNapWidget" */;
			buildPhases = (
				5B285A6119F9A69A00ECE1A5 /* Sources */,
				5B285A6219F9A69A00ECE1A5 /* Frameworks */,
				5B285A6319F9A69A00ECE1A5 /* Resources */,
			);
			buildRules = (
			);
			dependencies = (
			);
			name = TapB4UNapWidget;
			productName = TapB4UNapWidget;
			productReference = 5B285A6519F9A69A00ECE1A5 /* TapB4UNapWidget.appex */;
			productType = "com.apple.product-type.app-extension";
		};
/* End PBXNativeTarget section */

/* Begin PBXProject section */
		5B285A2819F4673800ECE1A5 /* Project object */ = {
			isa = PBXProject;
			attributes = {
				LastUpgradeCheck = 0610;
				ORGANIZATIONNAME = "Ken Ko";
				TargetAttributes = {
					5B285A2F19F4673800ECE1A5 = {
						CreatedOnToolsVersion = 6.1;
						DevelopmentTeam = J653NKMPDP;
						SystemCapabilities = {
							com.apple.ApplicationGroups.iOS = {
								enabled = 1;
							};
							com.apple.HealthKit = {
								enabled = 1;
							};
						};
					};
					5B285A4419F4673800ECE1A5 = {
						CreatedOnToolsVersion = 6.1;
						TestTargetID = 5B285A2F19F4673800ECE1A5;
					};
					5B285A6419F9A69A00ECE1A5 = {
						CreatedOnToolsVersion = 6.1;
						DevelopmentTeam = J653NKMPDP;
						SystemCapabilities = {
							com.apple.ApplicationGroups.iOS = {
								enabled = 1;
							};
							com.apple.HealthKit = {
								enabled = 0;
							};
						};
					};
				};
			};
			buildConfigurationList = 5B285A2B19F4673800ECE1A5 /* Build configuration list for PBXProject "TapB4UNap" */;
			compatibilityVersion = "Xcode 3.2";
			developmentRegion = English;
			hasScannedForEncodings = 0;
			knownRegions = (
				en,
				Base,
			);
			mainGroup = 5B285A2719F4673800ECE1A5;
			productRefGroup = 5B285A3119F4673800ECE1A5 /* Products */;
			projectDirPath = "";
			projectRoot = "";
			targets = (
				5B285A2F19F4673800ECE1A5 /* TapB4UNap */,
				5B285A4419F4673800ECE1A5 /* TapB4UNapTests */,
				5B285A6419F9A69A00ECE1A5 /* TapB4UNapWidget */,
			);
		};
/* End PBXProject section */

/* Begin PBXResourcesBuildPhase section */
		5B285A2E19F4673800ECE1A5 /* Resources */ = {
			isa = PBXResourcesBuildPhase;
			buildActionMask = 2147483647;
			files = (
				5BD07E301A05368D000A6E9E /* LaunchScreen.xib in Resources */,
				5B285A3B19F4673800ECE1A5 /* Main.storyboard in Resources */,
				5BD07E2E1A052E64000A6E9E /* hov6CQ-large.jpg in Resources */,
				5B285A3D19F4673800ECE1A5 /* Images.xcassets in Resources */,
			);
			runOnlyForDeploymentPostprocessing = 0;
		};
		5B285A4319F4673800ECE1A5 /* Resources */ = {
			isa = PBXResourcesBuildPhase;
			buildActionMask = 2147483647;
			files = (
			);
			runOnlyForDeploymentPostprocessing = 0;
		};
		5B285A6319F9A69A00ECE1A5 /* Resources */ = {
			isa = PBXResourcesBuildPhase;
			buildActionMask = 2147483647;
			files = (
				5BD07E341A053BA8000A6E9E /* hov6CQ-small.jpg in Resources */,
				5B285A6F19F9A69A00ECE1A5 /* MainInterface.storyboard in Resources */,
			);
			runOnlyForDeploymentPostprocessing = 0;
		};
/* End PBXResourcesBuildPhase section */

/* Begin PBXSourcesBuildPhase section */
		5B285A2C19F4673800ECE1A5 /* Sources */ = {
			isa = PBXSourcesBuildPhase;
			buildActionMask = 2147483647;
			files = (
				5BDB91B319FF6F37009CBA13 /* SaveDataController.swift in Sources */,
				5B285A3619F4673800ECE1A5 /* AppDelegate.swift in Sources */,
				5B285A5E19F5BA4D00ECE1A5 /* HealthStore.swift in Sources */,
				5B285A6019F6825F00ECE1A5 /* TimeKeeper.swift in Sources */,
			);
			runOnlyForDeploymentPostprocessing = 0;
		};
		5B285A4119F4673800ECE1A5 /* Sources */ = {
			isa = PBXSourcesBuildPhase;
			buildActionMask = 2147483647;
			files = (
				5B285A4C19F4673800ECE1A5 /* TapB4UNapTests.swift in Sources */,
			);
			runOnlyForDeploymentPostprocessing = 0;
		};
		5B285A6119F9A69A00ECE1A5 /* Sources */ = {
			isa = PBXSourcesBuildPhase;
			buildActionMask = 2147483647;
			files = (
				5B285A7719FA2FF800ECE1A5 /* TimeKeeper.swift in Sources */,
				5B285A6D19F9A69A00ECE1A5 /* TodayViewController.swift in Sources */,
			);
			runOnlyForDeploymentPostprocessing = 0;
		};
/* End PBXSourcesBuildPhase section */

/* Begin PBXTargetDependency section */
		5B285A4719F4673800ECE1A5 /* PBXTargetDependency */ = {
			isa = PBXTargetDependency;
			target = 5B285A2F19F4673800ECE1A5 /* TapB4UNap */;
			targetProxy = 5B285A4619F4673800ECE1A5 /* PBXContainerItemProxy */;
		};
		5B285A7119F9A69A00ECE1A5 /* PBXTargetDependency */ = {
			isa = PBXTargetDependency;
			target = 5B285A6419F9A69A00ECE1A5 /* TapB4UNapWidget */;
			targetProxy = 5B285A7019F9A69A00ECE1A5 /* PBXContainerItemProxy */;
		};
/* End PBXTargetDependency section */

/* Begin PBXVariantGroup section */
		5B285A3919F4673800ECE1A5 /* Main.storyboard */ = {
			isa = PBXVariantGroup;
			children = (
				5B285A3A19F4673800ECE1A5 /* Base */,
			);
			name = Main.storyboard;
			sourceTree = "<group>";
		};
/* End PBXVariantGroup section */

/* Begin XCBuildConfiguration section */
		5B285A4D19F4673800ECE1A5 /* Debug */ = {
			isa = XCBuildConfiguration;
			buildSettings = {
				ALWAYS_SEARCH_USER_PATHS = NO;
				CLANG_CXX_LANGUAGE_STANDARD = "gnu++0x";
				CLANG_CXX_LIBRARY = "libc++";
				CLANG_ENABLE_MODULES = YES;
				CLANG_ENABLE_OBJC_ARC = YES;
				CLANG_WARN_BOOL_CONVERSION = YES;
				CLANG_WARN_CONSTANT_CONVERSION = YES;
				CLANG_WARN_DIRECT_OBJC_ISA_USAGE = YES_ERROR;
				CLANG_WARN_EMPTY_BODY = YES;
				CLANG_WARN_ENUM_CONVERSION = YES;
				CLANG_WARN_INT_CONVERSION = YES;
				CLANG_WARN_OBJC_ROOT_CLASS = YES_ERROR;
				CLANG_WARN_UNREACHABLE_CODE = YES;
				CLANG_WARN__DUPLICATE_METHOD_MATCH = YES;
				"CODE_SIGN_IDENTITY[sdk=iphoneos*]" = "iPhone Developer";
				COPY_PHASE_STRIP = NO;
				ENABLE_STRICT_OBJC_MSGSEND = YES;
				GCC_C_LANGUAGE_STANDARD = gnu99;
				GCC_DYNAMIC_NO_PIC = NO;
				GCC_OPTIMIZATION_LEVEL = 0;
				GCC_PREPROCESSOR_DEFINITIONS = (
					"DEBUG=1",
					"$(inherited)",
				);
				GCC_SYMBOLS_PRIVATE_EXTERN = NO;
				GCC_WARN_64_TO_32_BIT_CONVERSION = YES;
				GCC_WARN_ABOUT_RETURN_TYPE = YES_ERROR;
				GCC_WARN_UNDECLARED_SELECTOR = YES;
				GCC_WARN_UNINITIALIZED_AUTOS = YES_AGGRESSIVE;
				GCC_WARN_UNUSED_FUNCTION = YES;
				GCC_WARN_UNUSED_VARIABLE = YES;
				IPHONEOS_DEPLOYMENT_TARGET = 8.1;
				MTL_ENABLE_DEBUG_INFO = YES;
				ONLY_ACTIVE_ARCH = YES;
				SDKROOT = iphoneos;
				SWIFT_OPTIMIZATION_LEVEL = "-Onone";
			};
			name = Debug;
		};
		5B285A4E19F4673800ECE1A5 /* Release */ = {
			isa = XCBuildConfiguration;
			buildSettings = {
				ALWAYS_SEARCH_USER_PATHS = NO;
				CLANG_CXX_LANGUAGE_STANDARD = "gnu++0x";
				CLANG_CXX_LIBRARY = "libc++";
				CLANG_ENABLE_MODULES = YES;
				CLANG_ENABLE_OBJC_ARC = YES;
				CLANG_WARN_BOOL_CONVERSION = YES;
				CLANG_WARN_CONSTANT_CONVERSION = YES;
				CLANG_WARN_DIRECT_OBJC_ISA_USAGE = YES_ERROR;
				CLANG_WARN_EMPTY_BODY = YES;
				CLANG_WARN_ENUM_CONVERSION = YES;
				CLANG_WARN_INT_CONVERSION = YES;
				CLANG_WARN_OBJC_ROOT_CLASS = YES_ERROR;
				CLANG_WARN_UNREACHABLE_CODE = YES;
				CLANG_WARN__DUPLICATE_METHOD_MATCH = YES;
				"CODE_SIGN_IDENTITY[sdk=iphoneos*]" = "iPhone Developer";
				COPY_PHASE_STRIP = YES;
				ENABLE_NS_ASSERTIONS = NO;
				ENABLE_STRICT_OBJC_MSGSEND = YES;
				GCC_C_LANGUAGE_STANDARD = gnu99;
				GCC_WARN_64_TO_32_BIT_CONVERSION = YES;
				GCC_WARN_ABOUT_RETURN_TYPE = YES_ERROR;
				GCC_WARN_UNDECLARED_SELECTOR = YES;
				GCC_WARN_UNINITIALIZED_AUTOS = YES_AGGRESSIVE;
				GCC_WARN_UNUSED_FUNCTION = YES;
				GCC_WARN_UNUSED_VARIABLE = YES;
				IPHONEOS_DEPLOYMENT_TARGET = 8.1;
				MTL_ENABLE_DEBUG_INFO = NO;
				SDKROOT = iphoneos;
				VALIDATE_PRODUCT = YES;
			};
			name = Release;
		};
		5B285A5019F4673800ECE1A5 /* Debug */ = {
			isa = XCBuildConfiguration;
			buildSettings = {
				ASSETCATALOG_COMPILER_APPICON_NAME = AppIcon;
				CODE_SIGN_ENTITLEMENTS = TapB4UNap/TapB4UNap.entitlements;
				CODE_SIGN_IDENTITY = "iPhone Developer";
				"CODE_SIGN_IDENTITY[sdk=iphoneos*]" = "iPhone Developer";
				EMBEDDED_CONTENT_CONTAINS_SWIFT = YES;
				INFOPLIST_FILE = TapB4UNap/Info.plist;
				LD_RUNPATH_SEARCH_PATHS = "$(inherited) @executable_path/Frameworks";
				PRODUCT_NAME = "$(TARGET_NAME)";
				PROVISIONING_PROFILE = "";
			};
			name = Debug;
		};
		5B285A5119F4673800ECE1A5 /* Release */ = {
			isa = XCBuildConfiguration;
			buildSettings = {
				ASSETCATALOG_COMPILER_APPICON_NAME = AppIcon;
				CODE_SIGN_ENTITLEMENTS = TapB4UNap/TapB4UNap.entitlements;
				CODE_SIGN_IDENTITY = "iPhone Developer";
				"CODE_SIGN_IDENTITY[sdk=iphoneos*]" = "iPhone Developer";
				EMBEDDED_CONTENT_CONTAINS_SWIFT = YES;
				INFOPLIST_FILE = TapB4UNap/Info.plist;
				LD_RUNPATH_SEARCH_PATHS = "$(inherited) @executable_path/Frameworks";
				PRODUCT_NAME = "$(TARGET_NAME)";
				PROVISIONING_PROFILE = "";
			};
			name = Release;
		};
		5B285A5319F4673800ECE1A5 /* Debug */ = {
			isa = XCBuildConfiguration;
			buildSettings = {
				BUNDLE_LOADER = "$(TEST_HOST)";
				FRAMEWORK_SEARCH_PATHS = (
					"$(SDKROOT)/Developer/Library/Frameworks",
					"$(inherited)",
				);
				GCC_PREPROCESSOR_DEFINITIONS = (
					"DEBUG=1",
					"$(inherited)",
				);
				INFOPLIST_FILE = TapB4UNapTests/Info.plist;
				LD_RUNPATH_SEARCH_PATHS = "$(inherited) @executable_path/Frameworks @loader_path/Frameworks";
				PRODUCT_NAME = "$(TARGET_NAME)";
				TEST_HOST = "$(BUILT_PRODUCTS_DIR)/TapB4UNap.app/TapB4UNap";
			};
			name = Debug;
		};
		5B285A5419F4673800ECE1A5 /* Release */ = {
			isa = XCBuildConfiguration;
			buildSettings = {
				BUNDLE_LOADER = "$(TEST_HOST)";
				FRAMEWORK_SEARCH_PATHS = (
					"$(SDKROOT)/Developer/Library/Frameworks",
					"$(inherited)",
				);
				INFOPLIST_FILE = TapB4UNapTests/Info.plist;
				LD_RUNPATH_SEARCH_PATHS = "$(inherited) @executable_path/Frameworks @loader_path/Frameworks";
				PRODUCT_NAME = "$(TARGET_NAME)";
				TEST_HOST = "$(BUILT_PRODUCTS_DIR)/TapB4UNap.app/TapB4UNap";
			};
			name = Release;
		};
		5B285A7419F9A69A00ECE1A5 /* Debug */ = {
			isa = XCBuildConfiguration;
			buildSettings = {
				CODE_SIGN_ENTITLEMENTS = TapB4UNapWidget/TapB4UNapWidget.entitlements;
				CODE_SIGN_IDENTITY = "iPhone Developer";
				"CODE_SIGN_IDENTITY[sdk=iphoneos*]" = "iPhone Developer";
				GCC_PREPROCESSOR_DEFINITIONS = (
					"DEBUG=1",
					"$(inherited)",
				);
				INFOPLIST_FILE = TapB4UNapWidget/Info.plist;
				LD_RUNPATH_SEARCH_PATHS = "$(inherited) @executable_path/Frameworks @executable_path/../../Frameworks";
				PRODUCT_NAME = "$(TARGET_NAME)";
				PROVISIONING_PROFILE = "";
				SKIP_INSTALL = YES;
			};
			name = Debug;
		};
		5B285A7519F9A69A00ECE1A5 /* Release */ = {
			isa = XCBuildConfiguration;
			buildSettings = {
				CODE_SIGN_ENTITLEMENTS = TapB4UNapWidget/TapB4UNapWidget.entitlements;
				CODE_SIGN_IDENTITY = "iPhone Developer";
				"CODE_SIGN_IDENTITY[sdk=iphoneos*]" = "iPhone Developer";
				INFOPLIST_FILE = TapB4UNapWidget/Info.plist;
				LD_RUNPATH_SEARCH_PATHS = "$(inherited) @executable_path/Frameworks @executable_path/../../Frameworks";
				PRODUCT_NAME = "$(TARGET_NAME)";
				PROVISIONING_PROFILE = "";
				SKIP_INSTALL = YES;
			};
			name = Release;
		};
/* End XCBuildConfiguration section */

/* Begin XCConfigurationList section */
		5B285A2B19F4673800ECE1A5 /* Build configuration list for PBXProject "TapB4UNap" */ = {
			isa = XCConfigurationList;
			buildConfigurations = (
				5B285A4D19F4673800ECE1A5 /* Debug */,
				5B285A4E19F4673800ECE1A5 /* Release */,
			);
			defaultConfigurationIsVisible = 0;
			defaultConfigurationName = Release;
		};
		5B285A4F19F4673800ECE1A5 /* Build configuration list for PBXNativeTarget "TapB4UNap" */ = {
			isa = XCConfigurationList;
			buildConfigurations = (
				5B285A5019F4673800ECE1A5 /* Debug */,
				5B285A5119F4673800ECE1A5 /* Release */,
			);
			defaultConfigurationIsVisible = 0;
			defaultConfigurationName = Release;
		};
		5B285A5219F4673800ECE1A5 /* Build configuration list for PBXNativeTarget "TapB4UNapTests" */ = {
			isa = XCConfigurationList;
			buildConfigurations = (
				5B285A5319F4673800ECE1A5 /* Debug */,
				5B285A5419F4673800ECE1A5 /* Release */,
			);
			defaultConfigurationIsVisible = 0;
			defaultConfigurationName = Release;
		};
		5B285A7319F9A69A00ECE1A5 /* Build configuration list for PBXNativeTarget "TapB4UNapWidget" */ = {
			isa = XCConfigurationList;
			buildConfigurations = (
				5B285A7419F9A69A00ECE1A5 /* Debug */,
				5B285A7519F9A69A00ECE1A5 /* Release */,
			);
			defaultConfigurationIsVisible = 0;
			defaultConfigurationName = Release;
		};
/* End XCConfigurationList section */
	};
	rootObject = 5B285A2819F4673800ECE1A5 /* Project object */;
}
